
Microsoft Visual Studio Solution File, Format Version 11.00
# Visual Studio 2010
Project("{FAE04EC0-301F-11D3-BF4B-00C04F79EFBC}") = "NewBase", "Assembly-CSharp.csproj", "{6A459B6A-6A66-9AFA-3EB6-6A0919D08396}"
EndProject
Project("{FAE04EC0-301F-11D3-BF4B-00C04F79EFBC}") = "NewBase", "Assembly-CSharp-Editor.csproj", "{69318222-E758-8B56-843C-4AFE60E781EB}"
EndProject
Global
	GlobalSection(SolutionConfigurationPlatforms) = preSolution
		Debug|Any CPU = Debug|Any CPU
		Release|Any CPU = Release|Any CPU
	EndGlobalSection
	GlobalSection(ProjectConfigurationPlatforms) = postSolution
		{6A459B6A-6A66-9AFA-3EB6-6A0919D08396}.Debug|Any CPU.ActiveCfg = Debug|Any CPU
		{6A459B6A-6A66-9AFA-3EB6-6A0919D08396}.Debug|Any CPU.Build.0 = Debug|Any CPU
		{6A459B6A-6A66-9AFA-3EB6-6A0919D08396}.Release|Any CPU.ActiveCfg = Release|Any CPU
		{6A459B6A-6A66-9AFA-3EB6-6A0919D08396}.Release|Any CPU.Build.0 = Release|Any CPU
		{69318222-E758-8B56-843C-4AFE60E781EB}.Debug|Any CPU.ActiveCfg = Debug|Any CPU
		{69318222-E758-8B56-843C-4AFE60E781EB}.Debug|Any CPU.Build.0 = Debug|Any CPU
		{69318222-E758-8B56-843C-4AFE60E781EB}.Release|Any CPU.ActiveCfg = Release|Any CPU
		{69318222-E758-8B56-843C-4AFE60E781EB}.Release|Any CPU.Build.0 = Release|Any CPU
	EndGlobalSection
	GlobalSection(SolutionProperties) = preSolution
		HideSolutionNode = FALSE
	EndGlobalSection
	GlobalSection(MonoDevelopProperties) = preSolution
		StartupItem = Assembly-CSharp.csproj
	EndGlobalSection
EndGlobal
