
Microsoft Visual Studio Solution File, Format Version 11.00
# Visual Studio 2010
Project("{FAE04EC0-301F-11D3-BF4B-00C04F79EFBC}") = "WargamingAR", "Assembly-CSharp.csproj", "{51EC6424-C94D-5CC6-E86B-90C8EE771FD2}"
EndProject
Project("{FAE04EC0-301F-11D3-BF4B-00C04F79EFBC}") = "WargamingAR", "Assembly-CSharp-Editor.csproj", "{8D68A2C2-8E4E-9397-CD16-DC7FAF532D71}"
EndProject
Project("{30A305D5-5224-E529-11D7-F90FA5DCE442}") = "WargamingAR", "Assembly-UnityScript-Editor.unityproj", "{BD82300C-6F77-BAB9-1446-921B5E6ADB74}"
EndProject
Global
	GlobalSection(SolutionConfigurationPlatforms) = preSolution
		Debug|Any CPU = Debug|Any CPU
		Release|Any CPU = Release|Any CPU
	EndGlobalSection
	GlobalSection(ProjectConfigurationPlatforms) = postSolution
		{51EC6424-C94D-5CC6-E86B-90C8EE771FD2}.Debug|Any CPU.ActiveCfg = Debug|Any CPU
		{51EC6424-C94D-5CC6-E86B-90C8EE771FD2}.Debug|Any CPU.Build.0 = Debug|Any CPU
		{51EC6424-C94D-5CC6-E86B-90C8EE771FD2}.Release|Any CPU.ActiveCfg = Release|Any CPU
		{51EC6424-C94D-5CC6-E86B-90C8EE771FD2}.Release|Any CPU.Build.0 = Release|Any CPU
		{8D68A2C2-8E4E-9397-CD16-DC7FAF532D71}.Debug|Any CPU.ActiveCfg = Debug|Any CPU
		{8D68A2C2-8E4E-9397-CD16-DC7FAF532D71}.Debug|Any CPU.Build.0 = Debug|Any CPU
		{8D68A2C2-8E4E-9397-CD16-DC7FAF532D71}.Release|Any CPU.ActiveCfg = Release|Any CPU
		{8D68A2C2-8E4E-9397-CD16-DC7FAF532D71}.Release|Any CPU.Build.0 = Release|Any CPU
		{BD82300C-6F77-BAB9-1446-921B5E6ADB74}.Debug|Any CPU.ActiveCfg = Debug|Any CPU
		{BD82300C-6F77-BAB9-1446-921B5E6ADB74}.Debug|Any CPU.Build.0 = Debug|Any CPU
		{BD82300C-6F77-BAB9-1446-921B5E6ADB74}.Release|Any CPU.ActiveCfg = Release|Any CPU
		{BD82300C-6F77-BAB9-1446-921B5E6ADB74}.Release|Any CPU.Build.0 = Release|Any CPU
	EndGlobalSection
	GlobalSection(SolutionProperties) = preSolution
		HideSolutionNode = FALSE
	EndGlobalSection
	GlobalSection(MonoDevelopProperties) = preSolution
		StartupItem = Assembly-CSharp.csproj
	EndGlobalSection
EndGlobal
